---
- name: Apache server installed
  hosts: apache
  become: true

  tasks:
    - name: Install apache2
      when: ansible_distribution == "Debian | Ubuntu"
      ansible.builtin.apt:
        name: apache2

    - name: Install, enalbe, start , and configure Apache
      when: ansible_distribution == "AlmaLinux"
      block:
        - name: Install Apache
          ansible.builtin.dnf:
            name: httpd

        - name: Apache enabled and running
          ansible.builtin.service:
            name: httpd
            enabled: true
            state: started

        - name: Copy index.html
          ansible.builtin.copy:
            src: "web_{{ stage }}.html"
            dest: /var/www/html/index.html
            mode: '0644'
